{
    "name": "money-tracker-root",
    "lockfileVersion": 3,
    "requires": true,
    "packages": {
        "": {
            "name": "money-tracker-root",
            "dependencies": {
                "hono": "^4.13.13"
            },
            "devDependencies": {
                "prettier": "^3.4.2"
            }
        },
        "node_modules/hono": {
            "version": "4.13.13",
            "resolved": "https://registry.npmjs.org/hono/-/hono-4.13.13.tgz",
            "integrity": "sha512-CQ46U0ZkAGmbT/4UxdzzGJpacP2IeKgY4a5/tOI9AABbpOMfK739wfDXmv1usCk+3RkKj1hQy4/fjhiwa2xlrA==",
            "license": "MIT",
            "engines": {
                "node": ">=16.9.0"
            }
        },
        "node_modules/prettier": {
            "version": "3.7.4",
            "resolved": "https://registry.npmjs.org/prettier/-/prettier-3.7.4.tgz",
            "integrity": "sha512-v6UNi1+3hSlVvv8fSaoUbggEM5VErKmmpGA7Pl3HF8V6uKY7rvClBOJlH6yNwQtfTueNkGVpOv/mtWL9L4bgRA==",
            "dev": true,
            "license": "MIT",
            "bin": {
                "prettier": "bin/prettier.cjs"
            },
            "engines": {
                "node": ">=14"
            },
            "funding": {
                "url": "https://github.com/prettier/prettier?sponsor=1"
            }
        }
    }
}
